
Microsoft Visual Studio Solution File, Format Version 12.00
# Visual Studio Version 17
VisualStudioVersion = 17.5.002.0
MinimumVisualStudioVersion = 10.0.40219.1
Project("{9A19103F-16F7-4668-BE54-9A1E7A4F7556}") = "RomanNumeralCalculator", "RomanNumeralCalculator\RomanNumeralCalculator.csproj", "{C7274AEB-BE8E-4656-877D-8A553F794667}"
EndProject
Project("{9A19103F-16F7-4668-BE54-9A1E7A4F7556}") = "RomanNumeralCalculatorTests", "RomanNumeralCalculatorTests\RomanNumeralCalculatorTests.csproj", "{22B5E140-D98B-4261-BC4E-7B799947BFDE}"
EndProject
Global
	GlobalSection(SolutionConfigurationPlatforms) = preSolution
		Debug|Any CPU = Debug|Any CPU
		Release|Any CPU = Release|Any CPU
	EndGlobalSection
	GlobalSection(ProjectConfigurationPlatforms) = postSolution
		{C7274AEB-BE8E-4656-877D-8A553F794667}.Debug|Any CPU.ActiveCfg = Debug|Any CPU
		{C7274AEB-BE8E-4656-877D-8A553F794667}.Debug|Any CPU.Build.0 = Debug|Any CPU
		{C7274AEB-BE8E-4656-877D-8A553F794667}.Release|Any CPU.ActiveCfg = Release|Any CPU
		{C7274AEB-BE8E-4656-877D-8A553F794667}.Release|Any CPU.Build.0 = Release|Any CPU
		{22B5E140-D98B-4261-BC4E-7B799947BFDE}.Debug|Any CPU.ActiveCfg = Debug|Any CPU
		{22B5E140-D98B-4261-BC4E-7B799947BFDE}.Debug|Any CPU.Build.0 = Debug|Any CPU
		{22B5E140-D98B-4261-BC4E-7B799947BFDE}.Release|Any CPU.ActiveCfg = Release|Any CPU
		{22B5E140-D98B-4261-BC4E-7B799947BFDE}.Release|Any CPU.Build.0 = Release|Any CPU
	EndGlobalSection
	GlobalSection(SolutionProperties) = preSolution
		HideSolutionNode = FALSE
	EndGlobalSection
	GlobalSection(ExtensibilityGlobals) = postSolution
		SolutionGuid = {E3B9AB55-F4FB-46EB-BE8D-B244360F6B16}
	EndGlobalSection
EndGlobal
