
Microsoft Visual Studio Solution File, Format Version 12.00
# Visual Studio Version 17
VisualStudioVersion = 17.5.002.0
MinimumVisualStudioVersion = 10.0.40219.1
Project("{9A19103F-16F7-4668-BE54-9A1E7A4F7556}") = "FizzBuzzTests", "FizzBuzzTests\FizzBuzzTests.csproj", "{3DF6747A-6FD4-46FE-B2C8-193A65CA0FA2}"
EndProject
Project("{9A19103F-16F7-4668-BE54-9A1E7A4F7556}") = "FizzBuzz", "FizzBuzz\FizzBuzz.csproj", "{4D622D96-1F32-4167-A476-E2888F84454C}"
EndProject
Global
	GlobalSection(SolutionConfigurationPlatforms) = preSolution
		Debug|Any CPU = Debug|Any CPU
		Release|Any CPU = Release|Any CPU
	EndGlobalSection
	GlobalSection(ProjectConfigurationPlatforms) = postSolution
		{3DF6747A-6FD4-46FE-B2C8-193A65CA0FA2}.Debug|Any CPU.ActiveCfg = Debug|Any CPU
		{3DF6747A-6FD4-46FE-B2C8-193A65CA0FA2}.Debug|Any CPU.Build.0 = Debug|Any CPU
		{3DF6747A-6FD4-46FE-B2C8-193A65CA0FA2}.Release|Any CPU.ActiveCfg = Release|Any CPU
		{3DF6747A-6FD4-46FE-B2C8-193A65CA0FA2}.Release|Any CPU.Build.0 = Release|Any CPU
		{4D622D96-1F32-4167-A476-E2888F84454C}.Debug|Any CPU.ActiveCfg = Debug|Any CPU
		{4D622D96-1F32-4167-A476-E2888F84454C}.Debug|Any CPU.Build.0 = Debug|Any CPU
		{4D622D96-1F32-4167-A476-E2888F84454C}.Release|Any CPU.ActiveCfg = Release|Any CPU
		{4D622D96-1F32-4167-A476-E2888F84454C}.Release|Any CPU.Build.0 = Release|Any CPU
	EndGlobalSection
	GlobalSection(SolutionProperties) = preSolution
		HideSolutionNode = FALSE
	EndGlobalSection
	GlobalSection(ExtensibilityGlobals) = postSolution
		SolutionGuid = {42539F0F-9170-4BFE-987D-BF0E3D61F2A0}
	EndGlobalSection
EndGlobal
